// !$*UTF8*$!
{
	archiveVersion = 1;
	classes = {
	};
	objectVersion = 50;
	objects = {

/* Begin PBXBuildFile section */
		7A218DAB2538C2DB00620461 /* SectionHeaderView.swift in Sources */ = {isa = PBXBuildFile; fileRef = 7A218DAA2538C2DB00620461 /* SectionHeaderView.swift */; };
		7A3289B6252F75FC0031CD82 /* AppDelegate.swift in Sources */ = {isa = PBXBuildFile; fileRef = 7A3289B5252F75FC0031CD82 /* AppDelegate.swift */; };
		7A3289B8252F75FC0031CD82 /* SceneDelegate.swift in Sources */ = {isa = PBXBuildFile; fileRef = 7A3289B7252F75FC0031CD82 /* SceneDelegate.swift */; };
		7A3289BA252F75FC0031CD82 /* DetailViewController.swift in Sources */ = {isa = PBXBuildFile; fileRef = 7A3289B9252F75FC0031CD82 /* DetailViewController.swift */; };
		7A3289BD252F75FC0031CD82 /* Main.storyboard in Resources */ = {isa = PBXBuildFile; fileRef = 7A3289BB252F75FC0031CD82 /* Main.storyboard */; };
		7A3289BF252F75FD0031CD82 /* Assets.xcassets in Resources */ = {isa = PBXBuildFile; fileRef = 7A3289BE252F75FD0031CD82 /* Assets.xcassets */; };
		7A3289C2252F75FD0031CD82 /* LaunchScreen.storyboard in Resources */ = {isa = PBXBuildFile; fileRef = 7A3289C0252F75FD0031CD82 /* LaunchScreen.storyboard */; };
		7A3289CC252FA8B10031CD82 /* MasterViewController.swift in Sources */ = {isa = PBXBuildFile; fileRef = 7A3289CB252FA8B10031CD82 /* MasterViewController.swift */; };
		7A3289CF252FA98D0031CD82 /* ParkDataSource.swift in Sources */ = {isa = PBXBuildFile; fileRef = 7A3289CE252FA98D0031CD82 /* ParkDataSource.swift */; };
		7A3289D2252FAF1A0031CD82 /* CollectionViewCell.swift in Sources */ = {isa = PBXBuildFile; fileRef = 7A3289D1252FAF1A0031CD82 /* CollectionViewCell.swift */; };
		7A8E62C22532119D0033E393 /* Park.swift in Sources */ = {isa = PBXBuildFile; fileRef = 7A8E62C12532119D0033E393 /* Park.swift */; };
		7A8E62C5253237B30033E393 /* NationalParks.plist in Resources */ = {isa = PBXBuildFile; fileRef = 7A8E62C4253237B30033E393 /* NationalParks.plist */; };
/* End PBXBuildFile section */

/* Begin PBXFileReference section */
		7A218DAA2538C2DB00620461 /* SectionHeaderView.swift */ = {isa = PBXFileReference; lastKnownFileType = sourcecode.swift; path = SectionHeaderView.swift; sourceTree = "<group>"; };
		7A3289B2252F75FC0031CD82 /* CollectionSwiftLab.app */ = {isa = PBXFileReference; explicitFileType = wrapper.application; includeInIndex = 0; path = CollectionSwiftLab.app; sourceTree = BUILT_PRODUCTS_DIR; };
		7A3289B5252F75FC0031CD82 /* AppDelegate.swift */ = {isa = PBXFileReference; lastKnownFileType = sourcecode.swift; path = AppDelegate.swift; sourceTree = "<group>"; };
		7A3289B7252F75FC0031CD82 /* SceneDelegate.swift */ = {isa = PBXFileReference; lastKnownFileType = sourcecode.swift; path = SceneDelegate.swift; sourceTree = "<group>"; };
		7A3289B9252F75FC0031CD82 /* DetailViewController.swift */ = {isa = PBXFileReference; lastKnownFileType = sourcecode.swift; path = DetailViewController.swift; sourceTree = "<group>"; };
		7A3289BC252F75FC0031CD82 /* Base */ = {isa = PBXFileReference; lastKnownFileType = file.storyboard; name = Base; path = Base.lproj/Main.storyboard; sourceTree = "<group>"; };
		7A3289BE252F75FD0031CD82 /* Assets.xcassets */ = {isa = PBXFileReference; lastKnownFileType = folder.assetcatalog; path = Assets.xcassets; sourceTree = "<group>"; };
		7A3289C1252F75FD0031CD82 /* Base */ = {isa = PBXFileReference; lastKnownFileType = file.storyboard; name = Base; path = Base.lproj/LaunchScreen.storyboard; sourceTree = "<group>"; };
		7A3289C3252F75FD0031CD82 /* Info.plist */ = {isa = PBXFileReference; lastKnownFileType = text.plist.xml; path = Info.plist; sourceTree = "<group>"; };
		7A3289CB252FA8B10031CD82 /* MasterViewController.swift */ = {isa = PBXFileReference; lastKnownFileType = sourcecode.swift; path = MasterViewController.swift; sourceTree = "<group>"; };
		7A3289CE252FA98D0031CD82 /* ParkDataSource.swift */ = {isa = PBXFileReference; lastKnownFileType = sourcecode.swift; path = ParkDataSource.swift; sourceTree = "<group>"; };
		7A3289D1252FAF1A0031CD82 /* CollectionViewCell.swift */ = {isa = PBXFileReference; lastKnownFileType = sourcecode.swift; path = CollectionViewCell.swift; sourceTree = "<group>"; };
		7A8E62C12532119D0033E393 /* Park.swift */ = {isa = PBXFileReference; lastKnownFileType = sourcecode.swift; path = Park.swift; sourceTree = "<group>"; };
		7A8E62C4253237B30033E393 /* NationalParks.plist */ = {isa = PBXFileReference; fileEncoding = 4; lastKnownFileType = text.plist.xml; path = NationalParks.plist; sourceTree = "<group>"; };
/* End PBXFileReference section */

/* Begin PBXFrameworksBuildPhase section */
		7A3289AF252F75FC0031CD82 /* Frameworks */ = {
			isa = PBXFrameworksBuildPhase;
			buildActionMask = 2147483647;
			files = (
			);
			runOnlyForDeploymentPostprocessing = 0;
		};
/* End PBXFrameworksBuildPhase section */

/* Begin PBXGroup section */
		7A3289A9252F75FC0031CD82 = {
			isa = PBXGroup;
			children = (
				7A3289B4252F75FC0031CD82 /* CollectionSwiftLab */,
				7A3289B3252F75FC0031CD82 /* Products */,
			);
			sourceTree = "<group>";
		};
		7A3289B3252F75FC0031CD82 /* Products */ = {
			isa = PBXGroup;
			children = (
				7A3289B2252F75FC0031CD82 /* CollectionSwiftLab.app */,
			);
			name = Products;
			sourceTree = "<group>";
		};
		7A3289B4252F75FC0031CD82 /* CollectionSwiftLab */ = {
			isa = PBXGroup;
			children = (
				7A8E62C32532378E0033E393 /* Data */,
				7A8E62C025319D3F0033E393 /* Models */,
				7A3289B5252F75FC0031CD82 /* AppDelegate.swift */,
				7A3289B7252F75FC0031CD82 /* SceneDelegate.swift */,
				7A3289CA252FA85F0031CD82 /* Controllers */,
				7A3289CD252FA9490031CD82 /* Data Sources */,
				7A3289D0252FAE100031CD82 /* Layouts */,
				7A3289BB252F75FC0031CD82 /* Main.storyboard */,
				7A3289BE252F75FD0031CD82 /* Assets.xcassets */,
				7A3289C0252F75FD0031CD82 /* LaunchScreen.storyboard */,
				7A3289C3252F75FD0031CD82 /* Info.plist */,
			);
			path = CollectionSwiftLab;
			sourceTree = "<group>";
		};
		7A3289CA252FA85F0031CD82 /* Controllers */ = {
			isa = PBXGroup;
			children = (
				7A3289B9252F75FC0031CD82 /* DetailViewController.swift */,
				7A3289CB252FA8B10031CD82 /* MasterViewController.swift */,
			);
			path = Controllers;
			sourceTree = "<group>";
		};
		7A3289CD252FA9490031CD82 /* Data Sources */ = {
			isa = PBXGroup;
			children = (
				7A3289CE252FA98D0031CD82 /* ParkDataSource.swift */,
			);
			path = "Data Sources";
			sourceTree = "<group>";
		};
		7A3289D0252FAE100031CD82 /* Layouts */ = {
			isa = PBXGroup;
			children = (
				7A3289D1252FAF1A0031CD82 /* CollectionViewCell.swift */,
				7A218DAA2538C2DB00620461 /* SectionHeaderView.swift */,
			);
			path = Layouts;
			sourceTree = "<group>";
		};
		7A8E62C025319D3F0033E393 /* Models */ = {
			isa = PBXGroup;
			children = (
				7A8E62C12532119D0033E393 /* Park.swift */,
			);
			path = Models;
			sourceTree = "<group>";
		};
		7A8E62C32532378E0033E393 /* Data */ = {
			isa = PBXGroup;
			children = (
				7A8E62C4253237B30033E393 /* NationalParks.plist */,
			);
			path = Data;
			sourceTree = "<group>";
		};
/* End PBXGroup section */

/* Begin PBXNativeTarget section */
		7A3289B1252F75FC0031CD82 /* CollectionSwiftLab */ = {
			isa = PBXNativeTarget;
			buildConfigurationList = 7A3289C6252F75FD0031CD82 /* Build configuration list for PBXNativeTarget "CollectionSwiftLab" */;
			buildPhases = (
				7A3289AE252F75FC0031CD82 /* Sources */,
				7A3289AF252F75FC0031CD82 /* Frameworks */,
				7A3289B0252F75FC0031CD82 /* Resources */,
			);
			buildRules = (
			);
			dependencies = (
			);
			name = CollectionSwiftLab;
			productName = CollectionSwiftLab;
			productReference = 7A3289B2252F75FC0031CD82 /* CollectionSwiftLab.app */;
			productType = "com.apple.product-type.application";
		};
/* End PBXNativeTarget section */

/* Begin PBXProject section */
		7A3289AA252F75FC0031CD82 /* Project object */ = {
			isa = PBXProject;
			attributes = {
				LastSwiftUpdateCheck = 1130;
				LastUpgradeCheck = 1130;
				ORGANIZATIONNAME = yurik;
				TargetAttributes = {
					7A3289B1252F75FC0031CD82 = {
						CreatedOnToolsVersion = 11.3.1;
					};
				};
			};
			buildConfigurationList = 7A3289AD252F75FC0031CD82 /* Build configuration list for PBXProject "CollectionSwiftLab" */;
			compatibilityVersion = "Xcode 9.3";
			developmentRegion = en;
			hasScannedForEncodings = 0;
			knownRegions = (
				en,
				Base,
			);
			mainGroup = 7A3289A9252F75FC0031CD82;
			productRefGroup = 7A3289B3252F75FC0031CD82 /* Products */;
			projectDirPath = "";
			projectRoot = "";
			targets = (
				7A3289B1252F75FC0031CD82 /* CollectionSwiftLab */,
			);
		};
/* End PBXProject section */

/* Begin PBXResourcesBuildPhase section */
		7A3289B0252F75FC0031CD82 /* Resources */ = {
			isa = PBXResourcesBuildPhase;
			buildActionMask = 2147483647;
			files = (
				7A8E62C5253237B30033E393 /* NationalParks.plist in Resources */,
				7A3289C2252F75FD0031CD82 /* LaunchScreen.storyboard in Resources */,
				7A3289BF252F75FD0031CD82 /* Assets.xcassets in Resources */,
				7A3289BD252F75FC0031CD82 /* Main.storyboard in Resources */,
			);
			runOnlyForDeploymentPostprocessing = 0;
		};
/* End PBXResourcesBuildPhase section */

/* Begin PBXSourcesBuildPhase section */
		7A3289AE252F75FC0031CD82 /* Sources */ = {
			isa = PBXSourcesBuildPhase;
			buildActionMask = 2147483647;
			files = (
				7A3289CC252FA8B10031CD82 /* MasterViewController.swift in Sources */,
				7A8E62C22532119D0033E393 /* Park.swift in Sources */,
				7A3289CF252FA98D0031CD82 /* ParkDataSource.swift in Sources */,
				7A218DAB2538C2DB00620461 /* SectionHeaderView.swift in Sources */,
				7A3289D2252FAF1A0031CD82 /* CollectionViewCell.swift in Sources */,
				7A3289BA252F75FC0031CD82 /* DetailViewController.swift in Sources */,
				7A3289B6252F75FC0031CD82 /* AppDelegate.swift in Sources */,
				7A3289B8252F75FC0031CD82 /* SceneDelegate.swift in Sources */,
			);
			runOnlyForDeploymentPostprocessing = 0;
		};
/* End PBXSourcesBuildPhase section */

/* Begin PBXVariantGroup section */
		7A3289BB252F75FC0031CD82 /* Main.storyboard */ = {
			isa = PBXVariantGroup;
			children = (
				7A3289BC252F75FC0031CD82 /* Base */,
			);
			name = Main.storyboard;
			sourceTree = "<group>";
		};
		7A3289C0252F75FD0031CD82 /* LaunchScreen.storyboard */ = {
			isa = PBXVariantGroup;
			children = (
				7A3289C1252F75FD0031CD82 /* Base */,
			);
			name = LaunchScreen.storyboard;
			sourceTree = "<group>";
		};
/* End PBXVariantGroup section */

/* Begin XCBuildConfiguration section */
		7A3289C4252F75FD0031CD82 /* Debug */ = {
			isa = XCBuildConfiguration;
			buildSettings = {
				ALWAYS_SEARCH_USER_PATHS = NO;
				CLANG_ANALYZER_NONNULL = YES;
				CLANG_ANALYZER_NUMBER_OBJECT_CONVERSION = YES_AGGRESSIVE;
				CLANG_CXX_LANGUAGE_STANDARD = "gnu++14";
				CLANG_CXX_LIBRARY = "libc++";
				CLANG_ENABLE_MODULES = YES;
				CLANG_ENABLE_OBJC_ARC = YES;
				CLANG_ENABLE_OBJC_WEAK = YES;
				CLANG_WARN_BLOCK_CAPTURE_AUTORELEASING = YES;
				CLANG_WARN_BOOL_CONVERSION = YES;
				CLANG_WARN_COMMA = YES;
				CLANG_WARN_CONSTANT_CONVERSION = YES;
				CLANG_WARN_DEPRECATED_OBJC_IMPLEMENTATIONS = YES;
				CLANG_WARN_DIRECT_OBJC_ISA_USAGE = YES_ERROR;
				CLANG_WARN_DOCUMENTATION_COMMENTS = YES;
				CLANG_WARN_EMPTY_BODY = YES;
				CLANG_WARN_ENUM_CONVERSION = YES;
				CLANG_WARN_INFINITE_RECURSION = YES;
				CLANG_WARN_INT_CONVERSION = YES;
				CLANG_WARN_NON_LITERAL_NULL_CONVERSION = YES;
				CLANG_WARN_OBJC_IMPLICIT_RETAIN_SELF = YES;
				CLANG_WARN_OBJC_LITERAL_CONVERSION = YES;
				CLANG_WARN_OBJC_ROOT_CLASS = YES_ERROR;
				CLANG_WARN_RANGE_LOOP_ANALYSIS = YES;
				CLANG_WARN_STRICT_PROTOTYPES = YES;
				CLANG_WARN_SUSPICIOUS_MOVE = YES;
				CLANG_WARN_UNGUARDED_AVAILABILITY = YES_AGGRESSIVE;
				CLANG_WARN_UNREACHABLE_CODE = YES;
				CLANG_WARN__DUPLICATE_METHOD_MATCH = YES;
				COPY_PHASE_STRIP = NO;
				DEBUG_INFORMATION_FORMAT = dwarf;
				ENABLE_STRICT_OBJC_MSGSEND = YES;
				ENABLE_TESTABILITY = YES;
				GCC_C_LANGUAGE_STANDARD = gnu11;
				GCC_DYNAMIC_NO_PIC = NO;
				GCC_NO_COMMON_BLOCKS = YES;
				GCC_OPTIMIZATION_LEVEL = 0;
				GCC_PREPROCESSOR_DEFINITIONS = (
					"DEBUG=1",
					"$(inherited)",
				);
				GCC_WARN_64_TO_32_BIT_CONVERSION = YES;
				GCC_WARN_ABOUT_RETURN_TYPE = YES_ERROR;
				GCC_WARN_UNDECLARED_SELECTOR = YES;
				GCC_WARN_UNINITIALIZED_AUTOS = YES_AGGRESSIVE;
				GCC_WARN_UNUSED_FUNCTION = YES;
				GCC_WARN_UNUSED_VARIABLE = YES;
				IPHONEOS_DEPLOYMENT_TARGET = 13.2;
				MTL_ENABLE_DEBUG_INFO = INCLUDE_SOURCE;
				MTL_FAST_MATH = YES;
				ONLY_ACTIVE_ARCH = YES;
				SDKROOT = iphoneos;
				SWIFT_ACTIVE_COMPILATION_CONDITIONS = DEBUG;
				SWIFT_OPTIMIZATION_LEVEL = "-Onone";
			};
			name = Debug;
		};
		7A3289C5252F75FD0031CD82 /* Release */ = {
			isa = XCBuildConfiguration;
			buildSettings = {
				ALWAYS_SEARCH_USER_PATHS = NO;
				CLANG_ANALYZER_NONNULL = YES;
				CLANG_ANALYZER_NUMBER_OBJECT_CONVERSION = YES_AGGRESSIVE;
				CLANG_CXX_LANGUAGE_STANDARD = "gnu++14";
				CLANG_CXX_LIBRARY = "libc++";
				CLANG_ENABLE_MODULES = YES;
				CLANG_ENABLE_OBJC_ARC = YES;
				CLANG_ENABLE_OBJC_WEAK = YES;
				CLANG_WARN_BLOCK_CAPTURE_AUTORELEASING = YES;
				CLANG_WARN_BOOL_CONVERSION = YES;
				CLANG_WARN_COMMA = YES;
				CLANG_WARN_CONSTANT_CONVERSION = YES;
				CLANG_WARN_DEPRECATED_OBJC_IMPLEMENTATIONS = YES;
				CLANG_WARN_DIRECT_OBJC_ISA_USAGE = YES_ERROR;
				CLANG_WARN_DOCUMENTATION_COMMENTS = YES;
				CLANG_WARN_EMPTY_BODY = YES;
				CLANG_WARN_ENUM_CONVERSION = YES;
				CLANG_WARN_INFINITE_RECURSION = YES;
				CLANG_WARN_INT_CONVERSION = YES;
				CLANG_WARN_NON_LITERAL_NULL_CONVERSION = YES;
				CLANG_WARN_OBJC_IMPLICIT_RETAIN_SELF = YES;
				CLANG_WARN_OBJC_LITERAL_CONVERSION = YES;
				CLANG_WARN_OBJC_ROOT_CLASS = YES_ERROR;
				CLANG_WARN_RANGE_LOOP_ANALYSIS = YES;
				CLANG_WARN_STRICT_PROTOTYPES = YES;
				CLANG_WARN_SUSPICIOUS_MOVE = YES;
				CLANG_WARN_UNGUARDED_AVAILABILITY = YES_AGGRESSIVE;
				CLANG_WARN_UNREACHABLE_CODE = YES;
				CLANG_WARN__DUPLICATE_METHOD_MATCH = YES;
				COPY_PHASE_STRIP = NO;
				DEBUG_INFORMATION_FORMAT = "dwarf-with-dsym";
				ENABLE_NS_ASSERTIONS = NO;
				ENABLE_STRICT_OBJC_MSGSEND = YES;
				GCC_C_LANGUAGE_STANDARD = gnu11;
				GCC_NO_COMMON_BLOCKS = YES;
				GCC_WARN_64_TO_32_BIT_CONVERSION = YES;
				GCC_WARN_ABOUT_RETURN_TYPE = YES_ERROR;
				GCC_WARN_UNDECLARED_SELECTOR = YES;
				GCC_WARN_UNINITIALIZED_AUTOS = YES_AGGRESSIVE;
				GCC_WARN_UNUSED_FUNCTION = YES;
				GCC_WARN_UNUSED_VARIABLE = YES;
				IPHONEOS_DEPLOYMENT_TARGET = 13.2;
				MTL_ENABLE_DEBUG_INFO = NO;
				MTL_FAST_MATH = YES;
				SDKROOT = iphoneos;
				SWIFT_COMPILATION_MODE = wholemodule;
				SWIFT_OPTIMIZATION_LEVEL = "-O";
				VALIDATE_PRODUCT = YES;
			};
			name = Release;
		};
		7A3289C7252F75FD0031CD82 /* Debug */ = {
			isa = XCBuildConfiguration;
			buildSettings = {
				ASSETCATALOG_COMPILER_APPICON_NAME = AppIcon;
				CODE_SIGN_STYLE = Automatic;
				DEVELOPMENT_TEAM = 754JYM9F2Z;
				INFOPLIST_FILE = CollectionSwiftLab/Info.plist;
				LD_RUNPATH_SEARCH_PATHS = (
					"$(inherited)",
					"@executable_path/Frameworks",
				);
				PRODUCT_BUNDLE_IDENTIFIER = Nosachenko.CollectionSwiftLab;
				PRODUCT_NAME = "$(TARGET_NAME)";
				SWIFT_VERSION = 5.0;
				TARGETED_DEVICE_FAMILY = "1,2";
			};
			name = Debug;
		};
		7A3289C8252F75FD0031CD82 /* Release */ = {
			isa = XCBuildConfiguration;
			buildSettings = {
				ASSETCATALOG_COMPILER_APPICON_NAME = AppIcon;
				CODE_SIGN_STYLE = Automatic;
				DEVELOPMENT_TEAM = 754JYM9F2Z;
				INFOPLIST_FILE = CollectionSwiftLab/Info.plist;
				LD_RUNPATH_SEARCH_PATHS = (
					"$(inherited)",
					"@executable_path/Frameworks",
				);
				PRODUCT_BUNDLE_IDENTIFIER = Nosachenko.CollectionSwiftLab;
				PRODUCT_NAME = "$(TARGET_NAME)";
				SWIFT_VERSION = 5.0;
				TARGETED_DEVICE_FAMILY = "1,2";
			};
			name = Release;
		};
/* End XCBuildConfiguration section */

/* Begin XCConfigurationList section */
		7A3289AD252F75FC0031CD82 /* Build configuration list for PBXProject "CollectionSwiftLab" */ = {
			isa = XCConfigurationList;
			buildConfigurations = (
				7A3289C4252F75FD0031CD82 /* Debug */,
				7A3289C5252F75FD0031CD82 /* Release */,
			);
			defaultConfigurationIsVisible = 0;
			defaultConfigurationName = Release;
		};
		7A3289C6252F75FD0031CD82 /* Build configuration list for PBXNativeTarget "CollectionSwiftLab" */ = {
			isa = XCConfigurationList;
			buildConfigurations = (
				7A3289C7252F75FD0031CD82 /* Debug */,
				7A3289C8252F75FD0031CD82 /* Release */,
			);
			defaultConfigurationIsVisible = 0;
			defaultConfigurationName = Release;
		};
/* End XCConfigurationList section */
	};
	rootObject = 7A3289AA252F75FC0031CD82 /* Project object */;
}
